// !$*UTF8*$!
{
	archiveVersion = 1;
	classes = {
	};
	objectVersion = 55;
	objects = {

/* Begin PBXBuildFile section */
		0EB6EE8D2986F4473F7CECEA /* Pods_VIPNewsApp.framework in Frameworks */ = {isa = PBXBuildFile; fileRef = C62C6CA5945E0EA78476E69E /* Pods_VIPNewsApp.framework */; };
		2707BC62C29435C4D5754100 /* Pods_VIPNewsAppTests.framework in Frameworks */ = {isa = PBXBuildFile; fileRef = DD462C33F43186ED78C020DF /* Pods_VIPNewsAppTests.framework */; };
		84BF31E1291924900055FC85 /* AppDelegate.swift in Sources */ = {isa = PBXBuildFile; fileRef = 84BF31E0291924900055FC85 /* AppDelegate.swift */; };
		84BF31E3291924900055FC85 /* SceneDelegate.swift in Sources */ = {isa = PBXBuildFile; fileRef = 84BF31E2291924900055FC85 /* SceneDelegate.swift */; };
		84BF31E5291924900055FC85 /* ViewController.swift in Sources */ = {isa = PBXBuildFile; fileRef = 84BF31E4291924900055FC85 /* ViewController.swift */; };
		84BF31E8291924900055FC85 /* Main.storyboard in Resources */ = {isa = PBXBuildFile; fileRef = 84BF31E6291924900055FC85 /* Main.storyboard */; };
		84BF31EB291924900055FC85 /* VIPNewsApp.xcdatamodeld in Sources */ = {isa = PBXBuildFile; fileRef = 84BF31E9291924900055FC85 /* VIPNewsApp.xcdatamodeld */; };
		84BF31ED291924920055FC85 /* Assets.xcassets in Resources */ = {isa = PBXBuildFile; fileRef = 84BF31EC291924920055FC85 /* Assets.xcassets */; };
		84BF31F0291924920055FC85 /* LaunchScreen.storyboard in Resources */ = {isa = PBXBuildFile; fileRef = 84BF31EE291924920055FC85 /* LaunchScreen.storyboard */; };
		84BF31FB291924930055FC85 /* VIPNewsAppTests.swift in Sources */ = {isa = PBXBuildFile; fileRef = 84BF31FA291924930055FC85 /* VIPNewsAppTests.swift */; };
		84BF3205291924930055FC85 /* VIPNewsAppUITests.swift in Sources */ = {isa = PBXBuildFile; fileRef = 84BF3204291924930055FC85 /* VIPNewsAppUITests.swift */; };
		84BF3207291924930055FC85 /* VIPNewsAppUITestsLaunchTests.swift in Sources */ = {isa = PBXBuildFile; fileRef = 84BF3206291924930055FC85 /* VIPNewsAppUITestsLaunchTests.swift */; };
		84BF321D291928320055FC85 /* NewsListPresenter.swift in Sources */ = {isa = PBXBuildFile; fileRef = 84BF3217291928320055FC85 /* NewsListPresenter.swift */; };
		84BF321E291928320055FC85 /* NewsListWorker.swift in Sources */ = {isa = PBXBuildFile; fileRef = 84BF3218291928320055FC85 /* NewsListWorker.swift */; };
		84BF321F291928320055FC85 /* NewsListRouter.swift in Sources */ = {isa = PBXBuildFile; fileRef = 84BF3219291928320055FC85 /* NewsListRouter.swift */; };
		84BF3220291928320055FC85 /* NewsListModels.swift in Sources */ = {isa = PBXBuildFile; fileRef = 84BF321A291928320055FC85 /* NewsListModels.swift */; };
		84BF3221291928320055FC85 /* NewsListViewController.swift in Sources */ = {isa = PBXBuildFile; fileRef = 84BF321B291928320055FC85 /* NewsListViewController.swift */; };
		84BF3222291928320055FC85 /* NewsListInteractor.swift in Sources */ = {isa = PBXBuildFile; fileRef = 84BF321C291928320055FC85 /* NewsListInteractor.swift */; };
		A54F8D96BCE30A7BA1D8C324 /* Pods_VIPNewsApp_VIPNewsAppUITests.framework in Frameworks */ = {isa = PBXBuildFile; fileRef = A5ECFA0C64203E6441BFB6B3 /* Pods_VIPNewsApp_VIPNewsAppUITests.framework */; };
/* End PBXBuildFile section */

/* Begin PBXContainerItemProxy section */
		84BF31F7291924930055FC85 /* PBXContainerItemProxy */ = {
			isa = PBXContainerItemProxy;
			containerPortal = 84BF31D5291924900055FC85 /* Project object */;
			proxyType = 1;
			remoteGlobalIDString = 84BF31DC291924900055FC85;
			remoteInfo = VIPNewsApp;
		};
		84BF3201291924930055FC85 /* PBXContainerItemProxy */ = {
			isa = PBXContainerItemProxy;
			containerPortal = 84BF31D5291924900055FC85 /* Project object */;
			proxyType = 1;
			remoteGlobalIDString = 84BF31DC291924900055FC85;
			remoteInfo = VIPNewsApp;
		};
/* End PBXContainerItemProxy section */

/* Begin PBXFileReference section */
		47A8B3F2881A5726F4806670 /* Pods-VIPNewsAppTests.release.xcconfig */ = {isa = PBXFileReference; includeInIndex = 1; lastKnownFileType = text.xcconfig; name = "Pods-VIPNewsAppTests.release.xcconfig"; path = "Target Support Files/Pods-VIPNewsAppTests/Pods-VIPNewsAppTests.release.xcconfig"; sourceTree = "<group>"; };
		84BF31DD291924900055FC85 /* VIPNewsApp.app */ = {isa = PBXFileReference; explicitFileType = wrapper.application; includeInIndex = 0; path = VIPNewsApp.app; sourceTree = BUILT_PRODUCTS_DIR; };
		84BF31E0291924900055FC85 /* AppDelegate.swift */ = {isa = PBXFileReference; lastKnownFileType = sourcecode.swift; path = AppDelegate.swift; sourceTree = "<group>"; };
		84BF31E2291924900055FC85 /* SceneDelegate.swift */ = {isa = PBXFileReference; lastKnownFileType = sourcecode.swift; path = SceneDelegate.swift; sourceTree = "<group>"; };
		84BF31E4291924900055FC85 /* ViewController.swift */ = {isa = PBXFileReference; lastKnownFileType = sourcecode.swift; path = ViewController.swift; sourceTree = "<group>"; };
		84BF31E7291924900055FC85 /* Base */ = {isa = PBXFileReference; lastKnownFileType = file.storyboard; name = Base; path = Base.lproj/Main.storyboard; sourceTree = "<group>"; };
		84BF31EA291924900055FC85 /* VIPNewsApp.xcdatamodel */ = {isa = PBXFileReference; lastKnownFileType = wrapper.xcdatamodel; path = VIPNewsApp.xcdatamodel; sourceTree = "<group>"; };
		84BF31EC291924920055FC85 /* Assets.xcassets */ = {isa = PBXFileReference; lastKnownFileType = folder.assetcatalog; path = Assets.xcassets; sourceTree = "<group>"; };
		84BF31EF291924920055FC85 /* Base */ = {isa = PBXFileReference; lastKnownFileType = file.storyboard; name = Base; path = Base.lproj/LaunchScreen.storyboard; sourceTree = "<group>"; };
		84BF31F1291924920055FC85 /* Info.plist */ = {isa = PBXFileReference; lastKnownFileType = text.plist.xml; path = Info.plist; sourceTree = "<group>"; };
		84BF31F6291924930055FC85 /* VIPNewsAppTests.xctest */ = {isa = PBXFileReference; explicitFileType = wrapper.cfbundle; includeInIndex = 0; path = VIPNewsAppTests.xctest; sourceTree = BUILT_PRODUCTS_DIR; };
		84BF31FA291924930055FC85 /* VIPNewsAppTests.swift */ = {isa = PBXFileReference; lastKnownFileType = sourcecode.swift; path = VIPNewsAppTests.swift; sourceTree = "<group>"; };
		84BF3200291924930055FC85 /* VIPNewsAppUITests.xctest */ = {isa = PBXFileReference; explicitFileType = wrapper.cfbundle; includeInIndex = 0; path = VIPNewsAppUITests.xctest; sourceTree = BUILT_PRODUCTS_DIR; };
		84BF3204291924930055FC85 /* VIPNewsAppUITests.swift */ = {isa = PBXFileReference; lastKnownFileType = sourcecode.swift; path = VIPNewsAppUITests.swift; sourceTree = "<group>"; };
		84BF3206291924930055FC85 /* VIPNewsAppUITestsLaunchTests.swift */ = {isa = PBXFileReference; lastKnownFileType = sourcecode.swift; path = VIPNewsAppUITestsLaunchTests.swift; sourceTree = "<group>"; };
		84BF3217291928320055FC85 /* NewsListPresenter.swift */ = {isa = PBXFileReference; lastKnownFileType = sourcecode.swift; path = NewsListPresenter.swift; sourceTree = "<group>"; };
		84BF3218291928320055FC85 /* NewsListWorker.swift */ = {isa = PBXFileReference; lastKnownFileType = sourcecode.swift; path = NewsListWorker.swift; sourceTree = "<group>"; };
		84BF3219291928320055FC85 /* NewsListRouter.swift */ = {isa = PBXFileReference; lastKnownFileType = sourcecode.swift; path = NewsListRouter.swift; sourceTree = "<group>"; };
		84BF321A291928320055FC85 /* NewsListModels.swift */ = {isa = PBXFileReference; lastKnownFileType = sourcecode.swift; path = NewsListModels.swift; sourceTree = "<group>"; };
		84BF321B291928320055FC85 /* NewsListViewController.swift */ = {isa = PBXFileReference; lastKnownFileType = sourcecode.swift; path = NewsListViewController.swift; sourceTree = "<group>"; };
		84BF321C291928320055FC85 /* NewsListInteractor.swift */ = {isa = PBXFileReference; lastKnownFileType = sourcecode.swift; path = NewsListInteractor.swift; sourceTree = "<group>"; };
		A24697BDD43928D538F76DC9 /* Pods-VIPNewsAppTests.debug.xcconfig */ = {isa = PBXFileReference; includeInIndex = 1; lastKnownFileType = text.xcconfig; name = "Pods-VIPNewsAppTests.debug.xcconfig"; path = "Target Support Files/Pods-VIPNewsAppTests/Pods-VIPNewsAppTests.debug.xcconfig"; sourceTree = "<group>"; };
		A5ECFA0C64203E6441BFB6B3 /* Pods_VIPNewsApp_VIPNewsAppUITests.framework */ = {isa = PBXFileReference; explicitFileType = wrapper.framework; includeInIndex = 0; path = Pods_VIPNewsApp_VIPNewsAppUITests.framework; sourceTree = BUILT_PRODUCTS_DIR; };
		C194CADB17775856A7986AF3 /* Pods-VIPNewsApp-VIPNewsAppUITests.release.xcconfig */ = {isa = PBXFileReference; includeInIndex = 1; lastKnownFileType = text.xcconfig; name = "Pods-VIPNewsApp-VIPNewsAppUITests.release.xcconfig"; path = "Target Support Files/Pods-VIPNewsApp-VIPNewsAppUITests/Pods-VIPNewsApp-VIPNewsAppUITests.release.xcconfig"; sourceTree = "<group>"; };
		C35D7058041EF4EF0B4416D3 /* Pods-VIPNewsApp-VIPNewsAppUITests.debug.xcconfig */ = {isa = PBXFileReference; includeInIndex = 1; lastKnownFileType = text.xcconfig; name = "Pods-VIPNewsApp-VIPNewsAppUITests.debug.xcconfig"; path = "Target Support Files/Pods-VIPNewsApp-VIPNewsAppUITests/Pods-VIPNewsApp-VIPNewsAppUITests.debug.xcconfig"; sourceTree = "<group>"; };
		C62C6CA5945E0EA78476E69E /* Pods_VIPNewsApp.framework */ = {isa = PBXFileReference; explicitFileType = wrapper.framework; includeInIndex = 0; path = Pods_VIPNewsApp.framework; sourceTree = BUILT_PRODUCTS_DIR; };
		DD462C33F43186ED78C020DF /* Pods_VIPNewsAppTests.framework */ = {isa = PBXFileReference; explicitFileType = wrapper.framework; includeInIndex = 0; path = Pods_VIPNewsAppTests.framework; sourceTree = BUILT_PRODUCTS_DIR; };
		EC49F2994A566555CC865979 /* Pods-VIPNewsApp.release.xcconfig */ = {isa = PBXFileReference; includeInIndex = 1; lastKnownFileType = text.xcconfig; name = "Pods-VIPNewsApp.release.xcconfig"; path = "Target Support Files/Pods-VIPNewsApp/Pods-VIPNewsApp.release.xcconfig"; sourceTree = "<group>"; };
		FF13710220E535DCF7C520C1 /* Pods-VIPNewsApp.debug.xcconfig */ = {isa = PBXFileReference; includeInIndex = 1; lastKnownFileType = text.xcconfig; name = "Pods-VIPNewsApp.debug.xcconfig"; path = "Target Support Files/Pods-VIPNewsApp/Pods-VIPNewsApp.debug.xcconfig"; sourceTree = "<group>"; };
/* End PBXFileReference section */

/* Begin PBXFrameworksBuildPhase section */
		84BF31DA291924900055FC85 /* Frameworks */ = {
			isa = PBXFrameworksBuildPhase;
			buildActionMask = 2147483647;
			files = (
				0EB6EE8D2986F4473F7CECEA /* Pods_VIPNewsApp.framework in Frameworks */,
			);
			runOnlyForDeploymentPostprocessing = 0;
		};
		84BF31F3291924930055FC85 /* Frameworks */ = {
			isa = PBXFrameworksBuildPhase;
			buildActionMask = 2147483647;
			files = (
				2707BC62C29435C4D5754100 /* Pods_VIPNewsAppTests.framework in Frameworks */,
			);
			runOnlyForDeploymentPostprocessing = 0;
		};
		84BF31FD291924930055FC85 /* Frameworks */ = {
			isa = PBXFrameworksBuildPhase;
			buildActionMask = 2147483647;
			files = (
				A54F8D96BCE30A7BA1D8C324 /* Pods_VIPNewsApp_VIPNewsAppUITests.framework in Frameworks */,
			);
			runOnlyForDeploymentPostprocessing = 0;
		};
/* End PBXFrameworksBuildPhase section */

/* Begin PBXGroup section */
		3362303136ACA56CF75D0AE2 /* Frameworks */ = {
			isa = PBXGroup;
			children = (
				C62C6CA5945E0EA78476E69E /* Pods_VIPNewsApp.framework */,
				A5ECFA0C64203E6441BFB6B3 /* Pods_VIPNewsApp_VIPNewsAppUITests.framework */,
				DD462C33F43186ED78C020DF /* Pods_VIPNewsAppTests.framework */,
			);
			name = Frameworks;
			sourceTree = "<group>";
		};
		84BF31D4291924900055FC85 = {
			isa = PBXGroup;
			children = (
				84BF31DF291924900055FC85 /* VIPNewsApp */,
				84BF31F9291924930055FC85 /* VIPNewsAppTests */,
				84BF3203291924930055FC85 /* VIPNewsAppUITests */,
				84BF31DE291924900055FC85 /* Products */,
				CC038C7AB19059BF3F7A8280 /* Pods */,
				3362303136ACA56CF75D0AE2 /* Frameworks */,
			);
			sourceTree = "<group>";
		};
		84BF31DE291924900055FC85 /* Products */ = {
			isa = PBXGroup;
			children = (
				84BF31DD291924900055FC85 /* VIPNewsApp.app */,
				84BF31F6291924930055FC85 /* VIPNewsAppTests.xctest */,
				84BF3200291924930055FC85 /* VIPNewsAppUITests.xctest */,
			);
			name = Products;
			sourceTree = "<group>";
		};
		84BF31DF291924900055FC85 /* VIPNewsApp */ = {
			isa = PBXGroup;
			children = (
				84BF3215291927D40055FC85 /* Scenes */,
				84BF3213291926BF0055FC85 /* Delegates */,
				84BF31E4291924900055FC85 /* ViewController.swift */,
				84BF31E6291924900055FC85 /* Main.storyboard */,
				84BF31EC291924920055FC85 /* Assets.xcassets */,
				84BF31EE291924920055FC85 /* LaunchScreen.storyboard */,
				84BF31F1291924920055FC85 /* Info.plist */,
				84BF31E9291924900055FC85 /* VIPNewsApp.xcdatamodeld */,
			);
			path = VIPNewsApp;
			sourceTree = "<group>";
		};
		84BF31F9291924930055FC85 /* VIPNewsAppTests */ = {
			isa = PBXGroup;
			children = (
				84BF31FA291924930055FC85 /* VIPNewsAppTests.swift */,
			);
			path = VIPNewsAppTests;
			sourceTree = "<group>";
		};
		84BF3203291924930055FC85 /* VIPNewsAppUITests */ = {
			isa = PBXGroup;
			children = (
				84BF3204291924930055FC85 /* VIPNewsAppUITests.swift */,
				84BF3206291924930055FC85 /* VIPNewsAppUITestsLaunchTests.swift */,
			);
			path = VIPNewsAppUITests;
			sourceTree = "<group>";
		};
		84BF3213291926BF0055FC85 /* Delegates */ = {
			isa = PBXGroup;
			children = (
				84BF31E2291924900055FC85 /* SceneDelegate.swift */,
				84BF31E0291924900055FC85 /* AppDelegate.swift */,
			);
			path = Delegates;
			sourceTree = "<group>";
		};
		84BF3215291927D40055FC85 /* Scenes */ = {
			isa = PBXGroup;
			children = (
				84BF3216291927E90055FC85 /* NewsList */,
			);
			path = Scenes;
			sourceTree = "<group>";
		};
		84BF3216291927E90055FC85 /* NewsList */ = {
			isa = PBXGroup;
			children = (
				84BF3217291928320055FC85 /* NewsListPresenter.swift */,
				84BF3218291928320055FC85 /* NewsListWorker.swift */,
				84BF3219291928320055FC85 /* NewsListRouter.swift */,
				84BF321A291928320055FC85 /* NewsListModels.swift */,
				84BF321B291928320055FC85 /* NewsListViewController.swift */,
				84BF321C291928320055FC85 /* NewsListInteractor.swift */,
			);
			path = NewsList;
			sourceTree = "<group>";
		};
		CC038C7AB19059BF3F7A8280 /* Pods */ = {
			isa = PBXGroup;
			children = (
				FF13710220E535DCF7C520C1 /* Pods-VIPNewsApp.debug.xcconfig */,
				EC49F2994A566555CC865979 /* Pods-VIPNewsApp.release.xcconfig */,
				C35D7058041EF4EF0B4416D3 /* Pods-VIPNewsApp-VIPNewsAppUITests.debug.xcconfig */,
				C194CADB17775856A7986AF3 /* Pods-VIPNewsApp-VIPNewsAppUITests.release.xcconfig */,
				A24697BDD43928D538F76DC9 /* Pods-VIPNewsAppTests.debug.xcconfig */,
				47A8B3F2881A5726F4806670 /* Pods-VIPNewsAppTests.release.xcconfig */,
			);
			path = Pods;
			sourceTree = "<group>";
		};
/* End PBXGroup section */

/* Begin PBXNativeTarget section */
		84BF31DC291924900055FC85 /* VIPNewsApp */ = {
			isa = PBXNativeTarget;
			buildConfigurationList = 84BF320A291924930055FC85 /* Build configuration list for PBXNativeTarget "VIPNewsApp" */;
			buildPhases = (
				BBB66B7AEDD78982BA8019C4 /* [CP] Check Pods Manifest.lock */,
				84BF31D9291924900055FC85 /* Sources */,
				84BF31DA291924900055FC85 /* Frameworks */,
				84BF31DB291924900055FC85 /* Resources */,
				B5C9A69FC486D14A28C19111 /* [CP] Embed Pods Frameworks */,
			);
			buildRules = (
			);
			dependencies = (
			);
			name = VIPNewsApp;
			productName = VIPNewsApp;
			productReference = 84BF31DD291924900055FC85 /* VIPNewsApp.app */;
			productType = "com.apple.product-type.application";
		};
		84BF31F5291924930055FC85 /* VIPNewsAppTests */ = {
			isa = PBXNativeTarget;
			buildConfigurationList = 84BF320D291924930055FC85 /* Build configuration list for PBXNativeTarget "VIPNewsAppTests" */;
			buildPhases = (
				99648752830A9CF143F73BE5 /* [CP] Check Pods Manifest.lock */,
				84BF31F2291924930055FC85 /* Sources */,
				84BF31F3291924930055FC85 /* Frameworks */,
				84BF31F4291924930055FC85 /* Resources */,
			);
			buildRules = (
			);
			dependencies = (
				84BF31F8291924930055FC85 /* PBXTargetDependency */,
			);
			name = VIPNewsAppTests;
			productName = VIPNewsAppTests;
			productReference = 84BF31F6291924930055FC85 /* VIPNewsAppTests.xctest */;
			productType = "com.apple.product-type.bundle.unit-test";
		};
		84BF31FF291924930055FC85 /* VIPNewsAppUITests */ = {
			isa = PBXNativeTarget;
			buildConfigurationList = 84BF3210291924930055FC85 /* Build configuration list for PBXNativeTarget "VIPNewsAppUITests" */;
			buildPhases = (
				4F0C8114F08256AF66C73B3A /* [CP] Check Pods Manifest.lock */,
				84BF31FC291924930055FC85 /* Sources */,
				84BF31FD291924930055FC85 /* Frameworks */,
				84BF31FE291924930055FC85 /* Resources */,
				63691657D96E0E2901E051D6 /* [CP] Embed Pods Frameworks */,
			);
			buildRules = (
			);
			dependencies = (
				84BF3202291924930055FC85 /* PBXTargetDependency */,
			);
			name = VIPNewsAppUITests;
			productName = VIPNewsAppUITests;
			productReference = 84BF3200291924930055FC85 /* VIPNewsAppUITests.xctest */;
			productType = "com.apple.product-type.bundle.ui-testing";
		};
/* End PBXNativeTarget section */

/* Begin PBXProject section */
		84BF31D5291924900055FC85 /* Project object */ = {
			isa = PBXProject;
			attributes = {
				BuildIndependentTargetsInParallel = 1;
				LastSwiftUpdateCheck = 1330;
				LastUpgradeCheck = 1330;
				TargetAttributes = {
					84BF31DC291924900055FC85 = {
						CreatedOnToolsVersion = 13.3;
					};
					84BF31F5291924930055FC85 = {
						CreatedOnToolsVersion = 13.3;
						TestTargetID = 84BF31DC291924900055FC85;
					};
					84BF31FF291924930055FC85 = {
						CreatedOnToolsVersion = 13.3;
						TestTargetID = 84BF31DC291924900055FC85;
					};
				};
			};
			buildConfigurationList = 84BF31D8291924900055FC85 /* Build configuration list for PBXProject "VIPNewsApp" */;
			compatibilityVersion = "Xcode 13.0";
			developmentRegion = en;
			hasScannedForEncodings = 0;
			knownRegions = (
				en,
				Base,
			);
			mainGroup = 84BF31D4291924900055FC85;
			productRefGroup = 84BF31DE291924900055FC85 /* Products */;
			projectDirPath = "";
			projectRoot = "";
			targets = (
				84BF31DC291924900055FC85 /* VIPNewsApp */,
				84BF31F5291924930055FC85 /* VIPNewsAppTests */,
				84BF31FF291924930055FC85 /* VIPNewsAppUITests */,
			);
		};
/* End PBXProject section */

/* Begin PBXResourcesBuildPhase section */
		84BF31DB291924900055FC85 /* Resources */ = {
			isa = PBXResourcesBuildPhase;
			buildActionMask = 2147483647;
			files = (
				84BF31F0291924920055FC85 /* LaunchScreen.storyboard in Resources */,
				84BF31ED291924920055FC85 /* Assets.xcassets in Resources */,
				84BF31E8291924900055FC85 /* Main.storyboard in Resources */,
			);
			runOnlyForDeploymentPostprocessing = 0;
		};
		84BF31F4291924930055FC85 /* Resources */ = {
			isa = PBXResourcesBuildPhase;
			buildActionMask = 2147483647;
			files = (
			);
			runOnlyForDeploymentPostprocessing = 0;
		};
		84BF31FE291924930055FC85 /* Resources */ = {
			isa = PBXResourcesBuildPhase;
			buildActionMask = 2147483647;
			files = (
			);
			runOnlyForDeploymentPostprocessing = 0;
		};
/* End PBXResourcesBuildPhase section */

/* Begin PBXShellScriptBuildPhase section */
		4F0C8114F08256AF66C73B3A /* [CP] Check Pods Manifest.lock */ = {
			isa = PBXShellScriptBuildPhase;
			buildActionMask = 2147483647;
			files = (
			);
			inputFileListPaths = (
			);
			inputPaths = (
				"${PODS_PODFILE_DIR_PATH}/Podfile.lock",
				"${PODS_ROOT}/Manifest.lock",
			);
			name = "[CP] Check Pods Manifest.lock";
			outputFileListPaths = (
			);
			outputPaths = (
				"$(DERIVED_FILE_DIR)/Pods-VIPNewsApp-VIPNewsAppUITests-checkManifestLockResult.txt",
			);
			runOnlyForDeploymentPostprocessing = 0;
			shellPath = /bin/sh;
			shellScript = "diff \"${PODS_PODFILE_DIR_PATH}/Podfile.lock\" \"${PODS_ROOT}/Manifest.lock\" > /dev/null\nif [ $? != 0 ] ; then\n    # print error to STDERR\n    echo \"error: The sandbox is not in sync with the Podfile.lock. Run 'pod install' or update your CocoaPods installation.\" >&2\n    exit 1\nfi\n# This output is used by Xcode 'outputs' to avoid re-running this script phase.\necho \"SUCCESS\" > \"${SCRIPT_OUTPUT_FILE_0}\"\n";
			showEnvVarsInLog = 0;
		};
		63691657D96E0E2901E051D6 /* [CP] Embed Pods Frameworks */ = {
			isa = PBXShellScriptBuildPhase;
			buildActionMask = 2147483647;
			files = (
			);
			inputFileListPaths = (
				"${PODS_ROOT}/Target Support Files/Pods-VIPNewsApp-VIPNewsAppUITests/Pods-VIPNewsApp-VIPNewsAppUITests-frameworks-${CONFIGURATION}-input-files.xcfilelist",
			);
			name = "[CP] Embed Pods Frameworks";
			outputFileListPaths = (
				"${PODS_ROOT}/Target Support Files/Pods-VIPNewsApp-VIPNewsAppUITests/Pods-VIPNewsApp-VIPNewsAppUITests-frameworks-${CONFIGURATION}-output-files.xcfilelist",
			);
			runOnlyForDeploymentPostprocessing = 0;
			shellPath = /bin/sh;
			shellScript = "\"${PODS_ROOT}/Target Support Files/Pods-VIPNewsApp-VIPNewsAppUITests/Pods-VIPNewsApp-VIPNewsAppUITests-frameworks.sh\"\n";
			showEnvVarsInLog = 0;
		};
		99648752830A9CF143F73BE5 /* [CP] Check Pods Manifest.lock */ = {
			isa = PBXShellScriptBuildPhase;
			buildActionMask = 2147483647;
			files = (
			);
			inputFileListPaths = (
			);
			inputPaths = (
				"${PODS_PODFILE_DIR_PATH}/Podfile.lock",
				"${PODS_ROOT}/Manifest.lock",
			);
			name = "[CP] Check Pods Manifest.lock";
			outputFileListPaths = (
			);
			outputPaths = (
				"$(DERIVED_FILE_DIR)/Pods-VIPNewsAppTests-checkManifestLockResult.txt",
			);
			runOnlyForDeploymentPostprocessing = 0;
			shellPath = /bin/sh;
			shellScript = "diff \"${PODS_PODFILE_DIR_PATH}/Podfile.lock\" \"${PODS_ROOT}/Manifest.lock\" > /dev/null\nif [ $? != 0 ] ; then\n    # print error to STDERR\n    echo \"error: The sandbox is not in sync with the Podfile.lock. Run 'pod install' or update your CocoaPods installation.\" >&2\n    exit 1\nfi\n# This output is used by Xcode 'outputs' to avoid re-running this script phase.\necho \"SUCCESS\" > \"${SCRIPT_OUTPUT_FILE_0}\"\n";
			showEnvVarsInLog = 0;
		};
		B5C9A69FC486D14A28C19111 /* [CP] Embed Pods Frameworks */ = {
			isa = PBXShellScriptBuildPhase;
			buildActionMask = 2147483647;
			files = (
			);
			inputFileListPaths = (
				"${PODS_ROOT}/Target Support Files/Pods-VIPNewsApp/Pods-VIPNewsApp-frameworks-${CONFIGURATION}-input-files.xcfilelist",
			);
			name = "[CP] Embed Pods Frameworks";
			outputFileListPaths = (
				"${PODS_ROOT}/Target Support Files/Pods-VIPNewsApp/Pods-VIPNewsApp-frameworks-${CONFIGURATION}-output-files.xcfilelist",
			);
			runOnlyForDeploymentPostprocessing = 0;
			shellPath = /bin/sh;
			shellScript = "\"${PODS_ROOT}/Target Support Files/Pods-VIPNewsApp/Pods-VIPNewsApp-frameworks.sh\"\n";
			showEnvVarsInLog = 0;
		};
		BBB66B7AEDD78982BA8019C4 /* [CP] Check Pods Manifest.lock */ = {
			isa = PBXShellScriptBuildPhase;
			buildActionMask = 2147483647;
			files = (
			);
			inputFileListPaths = (
			);
			inputPaths = (
				"${PODS_PODFILE_DIR_PATH}/Podfile.lock",
				"${PODS_ROOT}/Manifest.lock",
			);
			name = "[CP] Check Pods Manifest.lock";
			outputFileListPaths = (
			);
			outputPaths = (
				"$(DERIVED_FILE_DIR)/Pods-VIPNewsApp-checkManifestLockResult.txt",
			);
			runOnlyForDeploymentPostprocessing = 0;
			shellPath = /bin/sh;
			shellScript = "diff \"${PODS_PODFILE_DIR_PATH}/Podfile.lock\" \"${PODS_ROOT}/Manifest.lock\" > /dev/null\nif [ $? != 0 ] ; then\n    # print error to STDERR\n    echo \"error: The sandbox is not in sync with the Podfile.lock. Run 'pod install' or update your CocoaPods installation.\" >&2\n    exit 1\nfi\n# This output is used by Xcode 'outputs' to avoid re-running this script phase.\necho \"SUCCESS\" > \"${SCRIPT_OUTPUT_FILE_0}\"\n";
			showEnvVarsInLog = 0;
		};
/* End PBXShellScriptBuildPhase section */

/* Begin PBXSourcesBuildPhase section */
		84BF31D9291924900055FC85 /* Sources */ = {
			isa = PBXSourcesBuildPhase;
			buildActionMask = 2147483647;
			files = (
				84BF31EB291924900055FC85 /* VIPNewsApp.xcdatamodeld in Sources */,
				84BF321D291928320055FC85 /* NewsListPresenter.swift in Sources */,
				84BF321F291928320055FC85 /* NewsListRouter.swift in Sources */,
				84BF31E5291924900055FC85 /* ViewController.swift in Sources */,
				84BF3220291928320055FC85 /* NewsListModels.swift in Sources */,
				84BF3222291928320055FC85 /* NewsListInteractor.swift in Sources */,
				84BF31E1291924900055FC85 /* AppDelegate.swift in Sources */,
				84BF3221291928320055FC85 /* NewsListViewController.swift in Sources */,
				84BF321E291928320055FC85 /* NewsListWorker.swift in Sources */,
				84BF31E3291924900055FC85 /* SceneDelegate.swift in Sources */,
			);
			runOnlyForDeploymentPostprocessing = 0;
		};
		84BF31F2291924930055FC85 /* Sources */ = {
			isa = PBXSourcesBuildPhase;
			buildActionMask = 2147483647;
			files = (
				84BF31FB291924930055FC85 /* VIPNewsAppTests.swift in Sources */,
			);
			runOnlyForDeploymentPostprocessing = 0;
		};
		84BF31FC291924930055FC85 /* Sources */ = {
			isa = PBXSourcesBuildPhase;
			buildActionMask = 2147483647;
			files = (
				84BF3205291924930055FC85 /* VIPNewsAppUITests.swift in Sources */,
				84BF3207291924930055FC85 /* VIPNewsAppUITestsLaunchTests.swift in Sources */,
			);
			runOnlyForDeploymentPostprocessing = 0;
		};
/* End PBXSourcesBuildPhase section */

/* Begin PBXTargetDependency section */
		84BF31F8291924930055FC85 /* PBXTargetDependency */ = {
			isa = PBXTargetDependency;
			target = 84BF31DC291924900055FC85 /* VIPNewsApp */;
			targetProxy = 84BF31F7291924930055FC85 /* PBXContainerItemProxy */;
		};
		84BF3202291924930055FC85 /* PBXTargetDependency */ = {
			isa = PBXTargetDependency;
			target = 84BF31DC291924900055FC85 /* VIPNewsApp */;
			targetProxy = 84BF3201291924930055FC85 /* PBXContainerItemProxy */;
		};
/* End PBXTargetDependency section */

/* Begin PBXVariantGroup section */
		84BF31E6291924900055FC85 /* Main.storyboard */ = {
			isa = PBXVariantGroup;
			children = (
				84BF31E7291924900055FC85 /* Base */,
			);
			name = Main.storyboard;
			sourceTree = "<group>";
		};
		84BF31EE291924920055FC85 /* LaunchScreen.storyboard */ = {
			isa = PBXVariantGroup;
			children = (
				84BF31EF291924920055FC85 /* Base */,
			);
			name = LaunchScreen.storyboard;
			sourceTree = "<group>";
		};
/* End PBXVariantGroup section */

/* Begin XCBuildConfiguration section */
		84BF3208291924930055FC85 /* Debug */ = {
			isa = XCBuildConfiguration;
			buildSettings = {
				ALWAYS_SEARCH_USER_PATHS = NO;
				CLANG_ANALYZER_NONNULL = YES;
				CLANG_ANALYZER_NUMBER_OBJECT_CONVERSION = YES_AGGRESSIVE;
				CLANG_CXX_LANGUAGE_STANDARD = "gnu++17";
				CLANG_ENABLE_MODULES = YES;
				CLANG_ENABLE_OBJC_ARC = YES;
				CLANG_ENABLE_OBJC_WEAK = YES;
				CLANG_WARN_BLOCK_CAPTURE_AUTORELEASING = YES;
				CLANG_WARN_BOOL_CONVERSION = YES;
				CLANG_WARN_COMMA = YES;
				CLANG_WARN_CONSTANT_CONVERSION = YES;
				CLANG_WARN_DEPRECATED_OBJC_IMPLEMENTATIONS = YES;
				CLANG_WARN_DIRECT_OBJC_ISA_USAGE = YES_ERROR;
				CLANG_WARN_DOCUMENTATION_COMMENTS = YES;
				CLANG_WARN_EMPTY_BODY = YES;
				CLANG_WARN_ENUM_CONVERSION = YES;
				CLANG_WARN_INFINITE_RECURSION = YES;
				CLANG_WARN_INT_CONVERSION = YES;
				CLANG_WARN_NON_LITERAL_NULL_CONVERSION = YES;
				CLANG_WARN_OBJC_IMPLICIT_RETAIN_SELF = YES;
				CLANG_WARN_OBJC_LITERAL_CONVERSION = YES;
				CLANG_WARN_OBJC_ROOT_CLASS = YES_ERROR;
				CLANG_WARN_QUOTED_INCLUDE_IN_FRAMEWORK_HEADER = YES;
				CLANG_WARN_RANGE_LOOP_ANALYSIS = YES;
				CLANG_WARN_STRICT_PROTOTYPES = YES;
				CLANG_WARN_SUSPICIOUS_MOVE = YES;
				CLANG_WARN_UNGUARDED_AVAILABILITY = YES_AGGRESSIVE;
				CLANG_WARN_UNREACHABLE_CODE = YES;
				CLANG_WARN__DUPLICATE_METHOD_MATCH = YES;
				COPY_PHASE_STRIP = NO;
				DEBUG_INFORMATION_FORMAT = dwarf;
				ENABLE_STRICT_OBJC_MSGSEND = YES;
				ENABLE_TESTABILITY = YES;
				GCC_C_LANGUAGE_STANDARD = gnu11;
				GCC_DYNAMIC_NO_PIC = NO;
				GCC_NO_COMMON_BLOCKS = YES;
				GCC_OPTIMIZATION_LEVEL = 0;
				GCC_PREPROCESSOR_DEFINITIONS = (
					"DEBUG=1",
					"$(inherited)",
				);
				GCC_WARN_64_TO_32_BIT_CONVERSION = YES;
				GCC_WARN_ABOUT_RETURN_TYPE = YES_ERROR;
				GCC_WARN_UNDECLARED_SELECTOR = YES;
				GCC_WARN_UNINITIALIZED_AUTOS = YES_AGGRESSIVE;
				GCC_WARN_UNUSED_FUNCTION = YES;
				GCC_WARN_UNUSED_VARIABLE = YES;
				IPHONEOS_DEPLOYMENT_TARGET = 15.4;
				MTL_ENABLE_DEBUG_INFO = INCLUDE_SOURCE;
				MTL_FAST_MATH = YES;
				ONLY_ACTIVE_ARCH = YES;
				SDKROOT = iphoneos;
				SWIFT_ACTIVE_COMPILATION_CONDITIONS = DEBUG;
				SWIFT_OPTIMIZATION_LEVEL = "-Onone";
			};
			name = Debug;
		};
		84BF3209291924930055FC85 /* Release */ = {
			isa = XCBuildConfiguration;
			buildSettings = {
				ALWAYS_SEARCH_USER_PATHS = NO;
				CLANG_ANALYZER_NONNULL = YES;
				CLANG_ANALYZER_NUMBER_OBJECT_CONVERSION = YES_AGGRESSIVE;
				CLANG_CXX_LANGUAGE_STANDARD = "gnu++17";
				CLANG_ENABLE_MODULES = YES;
				CLANG_ENABLE_OBJC_ARC = YES;
				CLANG_ENABLE_OBJC_WEAK = YES;
				CLANG_WARN_BLOCK_CAPTURE_AUTORELEASING = YES;
				CLANG_WARN_BOOL_CONVERSION = YES;
				CLANG_WARN_COMMA = YES;
				CLANG_WARN_CONSTANT_CONVERSION = YES;
				CLANG_WARN_DEPRECATED_OBJC_IMPLEMENTATIONS = YES;
				CLANG_WARN_DIRECT_OBJC_ISA_USAGE = YES_ERROR;
				CLANG_WARN_DOCUMENTATION_COMMENTS = YES;
				CLANG_WARN_EMPTY_BODY = YES;
				CLANG_WARN_ENUM_CONVERSION = YES;
				CLANG_WARN_INFINITE_RECURSION = YES;
				CLANG_WARN_INT_CONVERSION = YES;
				CLANG_WARN_NON_LITERAL_NULL_CONVERSION = YES;
				CLANG_WARN_OBJC_IMPLICIT_RETAIN_SELF = YES;
				CLANG_WARN_OBJC_LITERAL_CONVERSION = YES;
				CLANG_WARN_OBJC_ROOT_CLASS = YES_ERROR;
				CLANG_WARN_QUOTED_INCLUDE_IN_FRAMEWORK_HEADER = YES;
				CLANG_WARN_RANGE_LOOP_ANALYSIS = YES;
				CLANG_WARN_STRICT_PROTOTYPES = YES;
				CLANG_WARN_SUSPICIOUS_MOVE = YES;
				CLANG_WARN_UNGUARDED_AVAILABILITY = YES_AGGRESSIVE;
				CLANG_WARN_UNREACHABLE_CODE = YES;
				CLANG_WARN__DUPLICATE_METHOD_MATCH = YES;
				COPY_PHASE_STRIP = NO;
				DEBUG_INFORMATION_FORMAT = "dwarf-with-dsym";
				ENABLE_NS_ASSERTIONS = NO;
				ENABLE_STRICT_OBJC_MSGSEND = YES;
				GCC_C_LANGUAGE_STANDARD = gnu11;
				GCC_NO_COMMON_BLOCKS = YES;
				GCC_WARN_64_TO_32_BIT_CONVERSION = YES;
				GCC_WARN_ABOUT_RETURN_TYPE = YES_ERROR;
				GCC_WARN_UNDECLARED_SELECTOR = YES;
				GCC_WARN_UNINITIALIZED_AUTOS = YES_AGGRESSIVE;
				GCC_WARN_UNUSED_FUNCTION = YES;
				GCC_WARN_UNUSED_VARIABLE = YES;
				IPHONEOS_DEPLOYMENT_TARGET = 15.4;
				MTL_ENABLE_DEBUG_INFO = NO;
				MTL_FAST_MATH = YES;
				SDKROOT = iphoneos;
				SWIFT_COMPILATION_MODE = wholemodule;
				SWIFT_OPTIMIZATION_LEVEL = "-O";
				VALIDATE_PRODUCT = YES;
			};
			name = Release;
		};
		84BF320B291924930055FC85 /* Debug */ = {
			isa = XCBuildConfiguration;
			baseConfigurationReference = FF13710220E535DCF7C520C1 /* Pods-VIPNewsApp.debug.xcconfig */;
			buildSettings = {
				ASSETCATALOG_COMPILER_APPICON_NAME = AppIcon;
				ASSETCATALOG_COMPILER_GLOBAL_ACCENT_COLOR_NAME = AccentColor;
				CODE_SIGN_STYLE = Automatic;
				CURRENT_PROJECT_VERSION = 1;
				DEVELOPMENT_TEAM = MGN74RQ4HR;
				GENERATE_INFOPLIST_FILE = YES;
				INFOPLIST_FILE = VIPNewsApp/Info.plist;
				INFOPLIST_KEY_UIApplicationSupportsIndirectInputEvents = YES;
				INFOPLIST_KEY_UILaunchStoryboardName = LaunchScreen;
				INFOPLIST_KEY_UIMainStoryboardFile = Main;
				INFOPLIST_KEY_UISupportedInterfaceOrientations_iPad = "UIInterfaceOrientationPortrait UIInterfaceOrientationPortraitUpsideDown UIInterfaceOrientationLandscapeLeft UIInterfaceOrientationLandscapeRight";
				INFOPLIST_KEY_UISupportedInterfaceOrientations_iPhone = "UIInterfaceOrientationPortrait UIInterfaceOrientationLandscapeLeft UIInterfaceOrientationLandscapeRight";
				LD_RUNPATH_SEARCH_PATHS = (
					"$(inherited)",
					"@executable_path/Frameworks",
				);
				MARKETING_VERSION = 1.0;
				PRODUCT_BUNDLE_IDENTIFIER = Onuralp.VIPNewsApp;
				PRODUCT_NAME = "$(TARGET_NAME)";
				SWIFT_EMIT_LOC_STRINGS = YES;
				SWIFT_VERSION = 5.0;
				TARGETED_DEVICE_FAMILY = "1,2";
			};
			name = Debug;
		};
		84BF320C291924930055FC85 /* Release */ = {
			isa = XCBuildConfiguration;
			baseConfigurationReference = EC49F2994A566555CC865979 /* Pods-VIPNewsApp.release.xcconfig */;
			buildSettings = {
				ASSETCATALOG_COMPILER_APPICON_NAME = AppIcon;
				ASSETCATALOG_COMPILER_GLOBAL_ACCENT_COLOR_NAME = AccentColor;
				CODE_SIGN_STYLE = Automatic;
				CURRENT_PROJECT_VERSION = 1;
				DEVELOPMENT_TEAM = MGN74RQ4HR;
				GENERATE_INFOPLIST_FILE = YES;
				INFOPLIST_FILE = VIPNewsApp/Info.plist;
				INFOPLIST_KEY_UIApplicationSupportsIndirectInputEvents = YES;
				INFOPLIST_KEY_UILaunchStoryboardName = LaunchScreen;
				INFOPLIST_KEY_UIMainStoryboardFile = Main;
				INFOPLIST_KEY_UISupportedInterfaceOrientations_iPad = "UIInterfaceOrientationPortrait UIInterfaceOrientationPortraitUpsideDown UIInterfaceOrientationLandscapeLeft UIInterfaceOrientationLandscapeRight";
				INFOPLIST_KEY_UISupportedInterfaceOrientations_iPhone = "UIInterfaceOrientationPortrait UIInterfaceOrientationLandscapeLeft UIInterfaceOrientationLandscapeRight";
				LD_RUNPATH_SEARCH_PATHS = (
					"$(inherited)",
					"@executable_path/Frameworks",
				);
				MARKETING_VERSION = 1.0;
				PRODUCT_BUNDLE_IDENTIFIER = Onuralp.VIPNewsApp;
				PRODUCT_NAME = "$(TARGET_NAME)";
				SWIFT_EMIT_LOC_STRINGS = YES;
				SWIFT_VERSION = 5.0;
				TARGETED_DEVICE_FAMILY = "1,2";
			};
			name = Release;
		};
		84BF320E291924930055FC85 /* Debug */ = {
			isa = XCBuildConfiguration;
			baseConfigurationReference = A24697BDD43928D538F76DC9 /* Pods-VIPNewsAppTests.debug.xcconfig */;
			buildSettings = {
				ALWAYS_EMBED_SWIFT_STANDARD_LIBRARIES = YES;
				BUNDLE_LOADER = "$(TEST_HOST)";
				CODE_SIGN_STYLE = Automatic;
				CURRENT_PROJECT_VERSION = 1;
				DEVELOPMENT_TEAM = MGN74RQ4HR;
				GENERATE_INFOPLIST_FILE = YES;
				IPHONEOS_DEPLOYMENT_TARGET = 15.4;
				MARKETING_VERSION = 1.0;
				PRODUCT_BUNDLE_IDENTIFIER = Onuralp.VIPNewsAppTests;
				PRODUCT_NAME = "$(TARGET_NAME)";
				SWIFT_EMIT_LOC_STRINGS = NO;
				SWIFT_VERSION = 5.0;
				TARGETED_DEVICE_FAMILY = "1,2";
				TEST_HOST = "$(BUILT_PRODUCTS_DIR)/VIPNewsApp.app/VIPNewsApp";
			};
			name = Debug;
		};
		84BF320F291924930055FC85 /* Release */ = {
			isa = XCBuildConfiguration;
			baseConfigurationReference = 47A8B3F2881A5726F4806670 /* Pods-VIPNewsAppTests.release.xcconfig */;
			buildSettings = {
				ALWAYS_EMBED_SWIFT_STANDARD_LIBRARIES = YES;
				BUNDLE_LOADER = "$(TEST_HOST)";
				CODE_SIGN_STYLE = Automatic;
				CURRENT_PROJECT_VERSION = 1;
				DEVELOPMENT_TEAM = MGN74RQ4HR;
				GENERATE_INFOPLIST_FILE = YES;
				IPHONEOS_DEPLOYMENT_TARGET = 15.4;
				MARKETING_VERSION = 1.0;
				PRODUCT_BUNDLE_IDENTIFIER = Onuralp.VIPNewsAppTests;
				PRODUCT_NAME = "$(TARGET_NAME)";
				SWIFT_EMIT_LOC_STRINGS = NO;
				SWIFT_VERSION = 5.0;
				TARGETED_DEVICE_FAMILY = "1,2";
				TEST_HOST = "$(BUILT_PRODUCTS_DIR)/VIPNewsApp.app/VIPNewsApp";
			};
			name = Release;
		};
		84BF3211291924930055FC85 /* Debug */ = {
			isa = XCBuildConfiguration;
			baseConfigurationReference = C35D7058041EF4EF0B4416D3 /* Pods-VIPNewsApp-VIPNewsAppUITests.debug.xcconfig */;
			buildSettings = {
				ALWAYS_EMBED_SWIFT_STANDARD_LIBRARIES = YES;
				CODE_SIGN_STYLE = Automatic;
				CURRENT_PROJECT_VERSION = 1;
				DEVELOPMENT_TEAM = MGN74RQ4HR;
				GENERATE_INFOPLIST_FILE = YES;
				MARKETING_VERSION = 1.0;
				PRODUCT_BUNDLE_IDENTIFIER = Onuralp.VIPNewsAppUITests;
				PRODUCT_NAME = "$(TARGET_NAME)";
				SWIFT_EMIT_LOC_STRINGS = NO;
				SWIFT_VERSION = 5.0;
				TARGETED_DEVICE_FAMILY = "1,2";
				TEST_TARGET_NAME = VIPNewsApp;
			};
			name = Debug;
		};
		84BF3212291924930055FC85 /* Release */ = {
			isa = XCBuildConfiguration;
			baseConfigurationReference = C194CADB17775856A7986AF3 /* Pods-VIPNewsApp-VIPNewsAppUITests.release.xcconfig */;
			buildSettings = {
				ALWAYS_EMBED_SWIFT_STANDARD_LIBRARIES = YES;
				CODE_SIGN_STYLE = Automatic;
				CURRENT_PROJECT_VERSION = 1;
				DEVELOPMENT_TEAM = MGN74RQ4HR;
				GENERATE_INFOPLIST_FILE = YES;
				MARKETING_VERSION = 1.0;
				PRODUCT_BUNDLE_IDENTIFIER = Onuralp.VIPNewsAppUITests;
				PRODUCT_NAME = "$(TARGET_NAME)";
				SWIFT_EMIT_LOC_STRINGS = NO;
				SWIFT_VERSION = 5.0;
				TARGETED_DEVICE_FAMILY = "1,2";
				TEST_TARGET_NAME = VIPNewsApp;
			};
			name = Release;
		};
/* End XCBuildConfiguration section */

/* Begin XCConfigurationList section */
		84BF31D8291924900055FC85 /* Build configuration list for PBXProject "VIPNewsApp" */ = {
			isa = XCConfigurationList;
			buildConfigurations = (
				84BF3208291924930055FC85 /* Debug */,
				84BF3209291924930055FC85 /* Release */,
			);
			defaultConfigurationIsVisible = 0;
			defaultConfigurationName = Release;
		};
		84BF320A291924930055FC85 /* Build configuration list for PBXNativeTarget "VIPNewsApp" */ = {
			isa = XCConfigurationList;
			buildConfigurations = (
				84BF320B291924930055FC85 /* Debug */,
				84BF320C291924930055FC85 /* Release */,
			);
			defaultConfigurationIsVisible = 0;
			defaultConfigurationName = Release;
		};
		84BF320D291924930055FC85 /* Build configuration list for PBXNativeTarget "VIPNewsAppTests" */ = {
			isa = XCConfigurationList;
			buildConfigurations = (
				84BF320E291924930055FC85 /* Debug */,
				84BF320F291924930055FC85 /* Release */,
			);
			defaultConfigurationIsVisible = 0;
			defaultConfigurationName = Release;
		};
		84BF3210291924930055FC85 /* Build configuration list for PBXNativeTarget "VIPNewsAppUITests" */ = {
			isa = XCConfigurationList;
			buildConfigurations = (
				84BF3211291924930055FC85 /* Debug */,
				84BF3212291924930055FC85 /* Release */,
			);
			defaultConfigurationIsVisible = 0;
			defaultConfigurationName = Release;
		};
/* End XCConfigurationList section */

/* Begin XCVersionGroup section */
		84BF31E9291924900055FC85 /* VIPNewsApp.xcdatamodeld */ = {
			isa = XCVersionGroup;
			children = (
				84BF31EA291924900055FC85 /* VIPNewsApp.xcdatamodel */,
			);
			currentVersion = 84BF31EA291924900055FC85 /* VIPNewsApp.xcdatamodel */;
			path = VIPNewsApp.xcdatamodeld;
			sourceTree = "<group>";
			versionGroupType = wrapper.xcdatamodel;
		};
/* End XCVersionGroup section */
	};
	rootObject = 84BF31D5291924900055FC85 /* Project object */;
}
